
Microsoft Visual Studio Solution File, Format Version 12.00
# Visual Studio Version 17
VisualStudioVersion = 17.5.002.0
MinimumVisualStudioVersion = 10.0.40219.1
Project("{9A19103F-16F7-4668-BE54-9A1E7A4F7556}") = "DesafioProjetoHospedagem", "DesafioProjetoHospedagem.csproj", "{22986840-8F7C-4FC1-8877-505F5FE6DC6A}"
EndProject
Global
	GlobalSection(SolutionConfigurationPlatforms) = preSolution
		Debug|Any CPU = Debug|Any CPU
		Release|Any CPU = Release|Any CPU
	EndGlobalSection
	GlobalSection(ProjectConfigurationPlatforms) = postSolution
		{22986840-8F7C-4FC1-8877-505F5FE6DC6A}.Debug|Any CPU.ActiveCfg = Debug|Any CPU
		{22986840-8F7C-4FC1-8877-505F5FE6DC6A}.Debug|Any CPU.Build.0 = Debug|Any CPU
		{22986840-8F7C-4FC1-8877-505F5FE6DC6A}.Release|Any CPU.ActiveCfg = Release|Any CPU
		{22986840-8F7C-4FC1-8877-505F5FE6DC6A}.Release|Any CPU.Build.0 = Release|Any CPU
	EndGlobalSection
	GlobalSection(SolutionProperties) = preSolution
		HideSolutionNode = FALSE
	EndGlobalSection
	GlobalSection(ExtensibilityGlobals) = postSolution
		SolutionGuid = {9D53850A-B5CB-4B40-97C0-2B9FA0FF3D9B}
	EndGlobalSection
EndGlobal
